
Microsoft Visual Studio Solution File, Format Version 12.00
# Visual Studio Version 17
VisualStudioVersion = 17.5.33530.505
MinimumVisualStudioVersion = 10.0.40219.1
Project("{FAE04EC0-301F-11D3-BF4B-00C04F79EFBC}") = "practical task 8.1", "practical task 8\practical task 8.1.csproj", "{42F3A93F-4DBD-48AE-8CE8-8D1845C37DA9}"
EndProject
Project("{FAE04EC0-301F-11D3-BF4B-00C04F79EFBC}") = "practical task 8.2", "practical task 8.2\practical task 8.2.csproj", "{DC4FBF71-736A-4CDE-BE2A-CD4EED10404A}"
EndProject
Project("{FAE04EC0-301F-11D3-BF4B-00C04F79EFBC}") = "practical task 8.3", "practical task 8.3\practical task 8.3.csproj", "{D906B947-47F3-4099-8D25-E8DE231DAA24}"
EndProject
Project("{FAE04EC0-301F-11D3-BF4B-00C04F79EFBC}") = "practical task 8.4", "practical task 8.4\practical task 8.4.csproj", "{A0FEC648-4DA3-4E36-9961-B80F0C67F1B9}"
EndProject
Global
	GlobalSection(SolutionConfigurationPlatforms) = preSolution
		Debug|Any CPU = Debug|Any CPU
		Release|Any CPU = Release|Any CPU
	EndGlobalSection
	GlobalSection(ProjectConfigurationPlatforms) = postSolution
		{42F3A93F-4DBD-48AE-8CE8-8D1845C37DA9}.Debug|Any CPU.ActiveCfg = Debug|Any CPU
		{42F3A93F-4DBD-48AE-8CE8-8D1845C37DA9}.Debug|Any CPU.Build.0 = Debug|Any CPU
		{42F3A93F-4DBD-48AE-8CE8-8D1845C37DA9}.Release|Any CPU.ActiveCfg = Release|Any CPU
		{42F3A93F-4DBD-48AE-8CE8-8D1845C37DA9}.Release|Any CPU.Build.0 = Release|Any CPU
		{DC4FBF71-736A-4CDE-BE2A-CD4EED10404A}.Debug|Any CPU.ActiveCfg = Debug|Any CPU
		{DC4FBF71-736A-4CDE-BE2A-CD4EED10404A}.Debug|Any CPU.Build.0 = Debug|Any CPU
		{DC4FBF71-736A-4CDE-BE2A-CD4EED10404A}.Release|Any CPU.ActiveCfg = Release|Any CPU
		{DC4FBF71-736A-4CDE-BE2A-CD4EED10404A}.Release|Any CPU.Build.0 = Release|Any CPU
		{D906B947-47F3-4099-8D25-E8DE231DAA24}.Debug|Any CPU.ActiveCfg = Debug|Any CPU
		{D906B947-47F3-4099-8D25-E8DE231DAA24}.Debug|Any CPU.Build.0 = Debug|Any CPU
		{D906B947-47F3-4099-8D25-E8DE231DAA24}.Release|Any CPU.ActiveCfg = Release|Any CPU
		{D906B947-47F3-4099-8D25-E8DE231DAA24}.Release|Any CPU.Build.0 = Release|Any CPU
		{A0FEC648-4DA3-4E36-9961-B80F0C67F1B9}.Debug|Any CPU.ActiveCfg = Debug|Any CPU
		{A0FEC648-4DA3-4E36-9961-B80F0C67F1B9}.Debug|Any CPU.Build.0 = Debug|Any CPU
		{A0FEC648-4DA3-4E36-9961-B80F0C67F1B9}.Release|Any CPU.ActiveCfg = Release|Any CPU
		{A0FEC648-4DA3-4E36-9961-B80F0C67F1B9}.Release|Any CPU.Build.0 = Release|Any CPU
	EndGlobalSection
	GlobalSection(SolutionProperties) = preSolution
		HideSolutionNode = FALSE
	EndGlobalSection
	GlobalSection(ExtensibilityGlobals) = postSolution
		SolutionGuid = {8F96E058-6C56-43FF-9AA0-99ECD2A7368E}
	EndGlobalSection
EndGlobal
